// !$*UTF8*$!
{
	archiveVersion = 1;
	classes = {
	};
	objectVersion = 45;
	objects = {

/* Begin PBXAggregateTarget section */
		24416B8111C4CA220047AFDD /* Build & Test */ = {
			isa = PBXAggregateTarget;
			buildConfigurationList = 24416B8A11C4CA520047AFDD /* Build configuration list for PBXAggregateTarget "Build & Test" */;
			buildPhases = (
				24416B8011C4CA220047AFDD /* ShellScript */,
			);
			dependencies = (
				24416B8511C4CA280047AFDD /* PBXTargetDependency */,
			);
			name = "Build & Test";
			productName = "Build & test";
		};
/* End PBXAggregateTarget section */

/* Begin PBXBuildFile section */
		24DD6CF91134B3F500162E58 /* DkNappDrawerModule.h in Headers */ = {isa = PBXBuildFile; fileRef = 24DD6CF71134B3F500162E58 /* DkNappDrawerModule.h */; };
		24DD6CFA1134B3F500162E58 /* DkNappDrawerModule.m in Sources */ = {isa = PBXBuildFile; fileRef = 24DD6CF81134B3F500162E58 /* DkNappDrawerModule.m */; };
		24DE9E1111C5FE74003F90F6 /* DkNappDrawerModuleAssets.h in Headers */ = {isa = PBXBuildFile; fileRef = 24DE9E0F11C5FE74003F90F6 /* DkNappDrawerModuleAssets.h */; };
		24DE9E1211C5FE74003F90F6 /* DkNappDrawerModuleAssets.m in Sources */ = {isa = PBXBuildFile; fileRef = 24DE9E1011C5FE74003F90F6 /* DkNappDrawerModuleAssets.m */; };
		AA747D9F0F9514B9006C5449 /* DkNappDrawer_Prefix.pch in Headers */ = {isa = PBXBuildFile; fileRef = AA747D9E0F9514B9006C5449 /* DkNappDrawer_Prefix.pch */; };
		AACBBE4A0F95108600F1A2B1 /* Foundation.framework in Frameworks */ = {isa = PBXBuildFile; fileRef = AACBBE490F95108600F1A2B1 /* Foundation.framework */; };
		B6579363178CA9BF00F89C92 /* NappDrawerVisualState.h in Headers */ = {isa = PBXBuildFile; fileRef = B6579361178CA9BF00F89C92 /* NappDrawerVisualState.h */; };
		B6579364178CA9BF00F89C92 /* NappDrawerVisualState.m in Sources */ = {isa = PBXBuildFile; fileRef = B6579362178CA9BF00F89C92 /* NappDrawerVisualState.m */; };
		B67C6EA7188837D2009C03BC /* CustomMMDrawerController.h in Headers */ = {isa = PBXBuildFile; fileRef = B67C6EA5188837D2009C03BC /* CustomMMDrawerController.h */; };
		B67C6EA8188837D2009C03BC /* CustomMMDrawerController.m in Sources */ = {isa = PBXBuildFile; fileRef = B67C6EA6188837D2009C03BC /* CustomMMDrawerController.m */; };
		B67E52E11780B75E001348B3 /* MMDrawerBarButtonItem.h in Headers */ = {isa = PBXBuildFile; fileRef = B67E52D91780B75E001348B3 /* MMDrawerBarButtonItem.h */; };
		B67E52E21780B75E001348B3 /* MMDrawerBarButtonItem.m in Sources */ = {isa = PBXBuildFile; fileRef = B67E52DA1780B75E001348B3 /* MMDrawerBarButtonItem.m */; };
		B67E52E31780B75E001348B3 /* MMDrawerController.h in Headers */ = {isa = PBXBuildFile; fileRef = B67E52DB1780B75E001348B3 /* MMDrawerController.h */; };
		B67E52E41780B75E001348B3 /* MMDrawerController.m in Sources */ = {isa = PBXBuildFile; fileRef = B67E52DC1780B75E001348B3 /* MMDrawerController.m */; };
		B67E52E51780B75E001348B3 /* MMDrawerVisualState.h in Headers */ = {isa = PBXBuildFile; fileRef = B67E52DD1780B75E001348B3 /* MMDrawerVisualState.h */; };
		B67E52E61780B75E001348B3 /* MMDrawerVisualState.m in Sources */ = {isa = PBXBuildFile; fileRef = B67E52DE1780B75E001348B3 /* MMDrawerVisualState.m */; };
		B67E52E71780B75E001348B3 /* UIViewController+MMDrawerController.h in Headers */ = {isa = PBXBuildFile; fileRef = B67E52DF1780B75E001348B3 /* UIViewController+MMDrawerController.h */; };
		B67E52E81780B75E001348B3 /* UIViewController+MMDrawerController.m in Sources */ = {isa = PBXBuildFile; fileRef = B67E52E01780B75E001348B3 /* UIViewController+MMDrawerController.m */; };
		B67E52EA1780B77B001348B3 /* QuartzCore.framework in Frameworks */ = {isa = PBXBuildFile; fileRef = B67E52E91780B77B001348B3 /* QuartzCore.framework */; };
		B67E52ED1780B7D2001348B3 /* DkNappDrawerDrawerProxy.h in Headers */ = {isa = PBXBuildFile; fileRef = B67E52EB1780B7D2001348B3 /* DkNappDrawerDrawerProxy.h */; };
		B67E52EE1780B7D2001348B3 /* DkNappDrawerDrawerProxy.m in Sources */ = {isa = PBXBuildFile; fileRef = B67E52EC1780B7D2001348B3 /* DkNappDrawerDrawerProxy.m */; };
		B67E52F11780B7E8001348B3 /* DkNappDrawerDrawer.h in Headers */ = {isa = PBXBuildFile; fileRef = B67E52EF1780B7E8001348B3 /* DkNappDrawerDrawer.h */; };
		B67E52F21780B7E8001348B3 /* DkNappDrawerDrawer.m in Sources */ = {isa = PBXBuildFile; fileRef = B67E52F01780B7E8001348B3 /* DkNappDrawerDrawer.m */; };
/* End PBXBuildFile section */

/* Begin PBXContainerItemProxy section */
		24416B8411C4CA280047AFDD /* PBXContainerItemProxy */ = {
			isa = PBXContainerItemProxy;
			containerPortal = 0867D690FE84028FC02AAC07 /* Project object */;
			proxyType = 1;
			remoteGlobalIDString = D2AAC07D0554694100DB518D;
			remoteInfo = NappDrawer;
		};
/* End PBXContainerItemProxy section */

/* Begin PBXFileReference section */
		24DD6CF71134B3F500162E58 /* DkNappDrawerModule.h */ = {isa = PBXFileReference; fileEncoding = 4; lastKnownFileType = sourcecode.c.h; name = DkNappDrawerModule.h; path = Classes/DkNappDrawerModule.h; sourceTree = "<group>"; };
		24DD6CF81134B3F500162E58 /* DkNappDrawerModule.m */ = {isa = PBXFileReference; fileEncoding = 4; lastKnownFileType = sourcecode.c.objc; name = DkNappDrawerModule.m; path = Classes/DkNappDrawerModule.m; sourceTree = "<group>"; };
		24DD6D1B1134B66800162E58 /* titanium.xcconfig */ = {isa = PBXFileReference; fileEncoding = 4; lastKnownFileType = text.xcconfig; path = titanium.xcconfig; sourceTree = "<group>"; };
		24DE9E0F11C5FE74003F90F6 /* DkNappDrawerModuleAssets.h */ = {isa = PBXFileReference; fileEncoding = 4; lastKnownFileType = sourcecode.c.h; name = DkNappDrawerModuleAssets.h; path = Classes/DkNappDrawerModuleAssets.h; sourceTree = "<group>"; };
		24DE9E1011C5FE74003F90F6 /* DkNappDrawerModuleAssets.m */ = {isa = PBXFileReference; fileEncoding = 4; lastKnownFileType = sourcecode.c.objc; name = DkNappDrawerModuleAssets.m; path = Classes/DkNappDrawerModuleAssets.m; sourceTree = "<group>"; };
		AA747D9E0F9514B9006C5449 /* DkNappDrawer_Prefix.pch */ = {isa = PBXFileReference; fileEncoding = 4; lastKnownFileType = sourcecode.c.h; path = DkNappDrawer_Prefix.pch; sourceTree = SOURCE_ROOT; };
		AACBBE490F95108600F1A2B1 /* Foundation.framework */ = {isa = PBXFileReference; lastKnownFileType = wrapper.framework; name = Foundation.framework; path = System/Library/Frameworks/Foundation.framework; sourceTree = SDKROOT; };
		B6579361178CA9BF00F89C92 /* NappDrawerVisualState.h */ = {isa = PBXFileReference; fileEncoding = 4; lastKnownFileType = sourcecode.c.h; name = NappDrawerVisualState.h; path = Classes/NappDrawerVisualState.h; sourceTree = "<group>"; };
		B6579362178CA9BF00F89C92 /* NappDrawerVisualState.m */ = {isa = PBXFileReference; fileEncoding = 4; lastKnownFileType = sourcecode.c.objc; name = NappDrawerVisualState.m; path = Classes/NappDrawerVisualState.m; sourceTree = "<group>"; };
		B67C6EA5188837D2009C03BC /* CustomMMDrawerController.h */ = {isa = PBXFileReference; fileEncoding = 4; lastKnownFileType = sourcecode.c.h; name = CustomMMDrawerController.h; path = Classes/CustomMMDrawerController.h; sourceTree = "<group>"; };
		B67C6EA6188837D2009C03BC /* CustomMMDrawerController.m */ = {isa = PBXFileReference; fileEncoding = 4; lastKnownFileType = sourcecode.c.objc; name = CustomMMDrawerController.m; path = Classes/CustomMMDrawerController.m; sourceTree = "<group>"; };
		B67E52D91780B75E001348B3 /* MMDrawerBarButtonItem.h */ = {isa = PBXFileReference; fileEncoding = 4; lastKnownFileType = sourcecode.c.h; path = MMDrawerBarButtonItem.h; sourceTree = "<group>"; };
		B67E52DA1780B75E001348B3 /* MMDrawerBarButtonItem.m */ = {isa = PBXFileReference; fileEncoding = 4; lastKnownFileType = sourcecode.c.objc; path = MMDrawerBarButtonItem.m; sourceTree = "<group>"; };
		B67E52DB1780B75E001348B3 /* MMDrawerController.h */ = {isa = PBXFileReference; fileEncoding = 4; lastKnownFileType = sourcecode.c.h; path = MMDrawerController.h; sourceTree = "<group>"; };
		B67E52DC1780B75E001348B3 /* MMDrawerController.m */ = {isa = PBXFileReference; fileEncoding = 4; lastKnownFileType = sourcecode.c.objc; path = MMDrawerController.m; sourceTree = "<group>"; };
		B67E52DD1780B75E001348B3 /* MMDrawerVisualState.h */ = {isa = PBXFileReference; fileEncoding = 4; lastKnownFileType = sourcecode.c.h; path = MMDrawerVisualState.h; sourceTree = "<group>"; };
		B67E52DE1780B75E001348B3 /* MMDrawerVisualState.m */ = {isa = PBXFileReference; fileEncoding = 4; lastKnownFileType = sourcecode.c.objc; path = MMDrawerVisualState.m; sourceTree = "<group>"; };
		B67E52DF1780B75E001348B3 /* UIViewController+MMDrawerController.h */ = {isa = PBXFileReference; fileEncoding = 4; lastKnownFileType = sourcecode.c.h; path = "UIViewController+MMDrawerController.h"; sourceTree = "<group>"; };
		B67E52E01780B75E001348B3 /* UIViewController+MMDrawerController.m */ = {isa = PBXFileReference; fileEncoding = 4; lastKnownFileType = sourcecode.c.objc; path = "UIViewController+MMDrawerController.m"; sourceTree = "<group>"; };
		B67E52E91780B77B001348B3 /* QuartzCore.framework */ = {isa = PBXFileReference; lastKnownFileType = wrapper.framework; name = QuartzCore.framework; path = System/Library/Frameworks/QuartzCore.framework; sourceTree = SDKROOT; };
		B67E52EB1780B7D2001348B3 /* DkNappDrawerDrawerProxy.h */ = {isa = PBXFileReference; fileEncoding = 4; lastKnownFileType = sourcecode.c.h; name = DkNappDrawerDrawerProxy.h; path = Classes/DkNappDrawerDrawerProxy.h; sourceTree = "<group>"; };
		B67E52EC1780B7D2001348B3 /* DkNappDrawerDrawerProxy.m */ = {isa = PBXFileReference; fileEncoding = 4; lastKnownFileType = sourcecode.c.objc; name = DkNappDrawerDrawerProxy.m; path = Classes/DkNappDrawerDrawerProxy.m; sourceTree = "<group>"; };
		B67E52EF1780B7E8001348B3 /* DkNappDrawerDrawer.h */ = {isa = PBXFileReference; fileEncoding = 4; lastKnownFileType = sourcecode.c.h; name = DkNappDrawerDrawer.h; path = Classes/DkNappDrawerDrawer.h; sourceTree = "<group>"; };
		B67E52F01780B7E8001348B3 /* DkNappDrawerDrawer.m */ = {isa = PBXFileReference; fileEncoding = 4; lastKnownFileType = sourcecode.c.objc; name = DkNappDrawerDrawer.m; path = Classes/DkNappDrawerDrawer.m; sourceTree = "<group>"; };
		D2AAC07E0554694100DB518D /* libDkNappDrawer.a */ = {isa = PBXFileReference; explicitFileType = archive.ar; includeInIndex = 0; path = libDkNappDrawer.a; sourceTree = BUILT_PRODUCTS_DIR; };
/* End PBXFileReference section */

/* Begin PBXFrameworksBuildPhase section */
		D2AAC07C0554694100DB518D /* Frameworks */ = {
			isa = PBXFrameworksBuildPhase;
			buildActionMask = 2147483647;
			files = (
				AACBBE4A0F95108600F1A2B1 /* Foundation.framework in Frameworks */,
				B67E52EA1780B77B001348B3 /* QuartzCore.framework in Frameworks */,
			);
			runOnlyForDeploymentPostprocessing = 0;
		};
/* End PBXFrameworksBuildPhase section */

/* Begin PBXGroup section */
		034768DFFF38A50411DB9C8B /* Products */ = {
			isa = PBXGroup;
			children = (
				D2AAC07E0554694100DB518D /* libDkNappDrawer.a */,
			);
			name = Products;
			sourceTree = "<group>";
		};
		0867D691FE84028FC02AAC07 /* NappDrawer */ = {
			isa = PBXGroup;
			children = (
				08FB77AEFE84172EC02AAC07 /* Classes */,
				32C88DFF0371C24200C91783 /* Other Sources */,
				0867D69AFE84028FC02AAC07 /* Frameworks */,
				034768DFFF38A50411DB9C8B /* Products */,
			);
			name = NappDrawer;
			sourceTree = "<group>";
		};
		0867D69AFE84028FC02AAC07 /* Frameworks */ = {
			isa = PBXGroup;
			children = (
				B67E52E91780B77B001348B3 /* QuartzCore.framework */,
				AACBBE490F95108600F1A2B1 /* Foundation.framework */,
			);
			name = Frameworks;
			sourceTree = "<group>";
		};
		08FB77AEFE84172EC02AAC07 /* Classes */ = {
			isa = PBXGroup;
			children = (
				B67E52D81780B75E001348B3 /* MMDrawerController */,
				24DE9E0F11C5FE74003F90F6 /* DkNappDrawerModuleAssets.h */,
				24DE9E1011C5FE74003F90F6 /* DkNappDrawerModuleAssets.m */,
				24DD6CF71134B3F500162E58 /* DkNappDrawerModule.h */,
				24DD6CF81134B3F500162E58 /* DkNappDrawerModule.m */,
				B6579361178CA9BF00F89C92 /* NappDrawerVisualState.h */,
				B6579362178CA9BF00F89C92 /* NappDrawerVisualState.m */,
				B67C6EA5188837D2009C03BC /* CustomMMDrawerController.h */,
				B67C6EA6188837D2009C03BC /* CustomMMDrawerController.m */,
				B67E52EB1780B7D2001348B3 /* DkNappDrawerDrawerProxy.h */,
				B67E52EC1780B7D2001348B3 /* DkNappDrawerDrawerProxy.m */,
				B67E52EF1780B7E8001348B3 /* DkNappDrawerDrawer.h */,
				B67E52F01780B7E8001348B3 /* DkNappDrawerDrawer.m */,
			);
			name = Classes;
			sourceTree = "<group>";
		};
		32C88DFF0371C24200C91783 /* Other Sources */ = {
			isa = PBXGroup;
			children = (
				AA747D9E0F9514B9006C5449 /* DkNappDrawer_Prefix.pch */,
				24DD6D1B1134B66800162E58 /* titanium.xcconfig */,
			);
			name = "Other Sources";
			sourceTree = "<group>";
		};
		B67E52D81780B75E001348B3 /* MMDrawerController */ = {
			isa = PBXGroup;
			children = (
				B67E52D91780B75E001348B3 /* MMDrawerBarButtonItem.h */,
				B67E52DA1780B75E001348B3 /* MMDrawerBarButtonItem.m */,
				B67E52DB1780B75E001348B3 /* MMDrawerController.h */,
				B67E52DC1780B75E001348B3 /* MMDrawerController.m */,
				B67E52DD1780B75E001348B3 /* MMDrawerVisualState.h */,
				B67E52DE1780B75E001348B3 /* MMDrawerVisualState.m */,
				B67E52DF1780B75E001348B3 /* UIViewController+MMDrawerController.h */,
				B67E52E01780B75E001348B3 /* UIViewController+MMDrawerController.m */,
			);
			name = MMDrawerController;
			path = Classes/MMDrawerController;
			sourceTree = "<group>";
		};
/* End PBXGroup section */

/* Begin PBXHeadersBuildPhase section */
		D2AAC07A0554694100DB518D /* Headers */ = {
			isa = PBXHeadersBuildPhase;
			buildActionMask = 2147483647;
			files = (
				AA747D9F0F9514B9006C5449 /* DkNappDrawer_Prefix.pch in Headers */,
				24DD6CF91134B3F500162E58 /* DkNappDrawerModule.h in Headers */,
				24DE9E1111C5FE74003F90F6 /* DkNappDrawerModuleAssets.h in Headers */,
				B67E52E11780B75E001348B3 /* MMDrawerBarButtonItem.h in Headers */,
				B67E52E31780B75E001348B3 /* MMDrawerController.h in Headers */,
				B67E52E51780B75E001348B3 /* MMDrawerVisualState.h in Headers */,
				B67C6EA7188837D2009C03BC /* CustomMMDrawerController.h in Headers */,
				B67E52E71780B75E001348B3 /* UIViewController+MMDrawerController.h in Headers */,
				B67E52ED1780B7D2001348B3 /* DkNappDrawerDrawerProxy.h in Headers */,
				B67E52F11780B7E8001348B3 /* DkNappDrawerDrawer.h in Headers */,
				B6579363178CA9BF00F89C92 /* NappDrawerVisualState.h in Headers */,
			);
			runOnlyForDeploymentPostprocessing = 0;
		};
/* End PBXHeadersBuildPhase section */

/* Begin PBXNativeTarget section */
		D2AAC07D0554694100DB518D /* NappDrawer */ = {
			isa = PBXNativeTarget;
			buildConfigurationList = 1DEB921E08733DC00010E9CD /* Build configuration list for PBXNativeTarget "NappDrawer" */;
			buildPhases = (
				D2AAC07A0554694100DB518D /* Headers */,
				D2AAC07B0554694100DB518D /* Sources */,
				D2AAC07C0554694100DB518D /* Frameworks */,
			);
			buildRules = (
			);
			dependencies = (
			);
			name = NappDrawer;
			productName = NappDrawer;
			productReference = D2AAC07E0554694100DB518D /* libDkNappDrawer.a */;
			productType = "com.apple.product-type.library.static";
		};
/* End PBXNativeTarget section */

/* Begin PBXProject section */
		0867D690FE84028FC02AAC07 /* Project object */ = {
			isa = PBXProject;
			attributes = {
			};
			buildConfigurationList = 1DEB922208733DC00010E9CD /* Build configuration list for PBXProject "NappDrawer" */;
			compatibilityVersion = "Xcode 3.1";
			developmentRegion = English;
			hasScannedForEncodings = 1;
			knownRegions = (
				English,
				Japanese,
				French,
				German,
			);
			mainGroup = 0867D691FE84028FC02AAC07 /* NappDrawer */;
			productRefGroup = 034768DFFF38A50411DB9C8B /* Products */;
			projectDirPath = "";
			projectRoot = "";
			targets = (
				D2AAC07D0554694100DB518D /* NappDrawer */,
				24416B8111C4CA220047AFDD /* Build & Test */,
			);
		};
/* End PBXProject section */

/* Begin PBXShellScriptBuildPhase section */
		24416B8011C4CA220047AFDD /* ShellScript */ = {
			isa = PBXShellScriptBuildPhase;
			buildActionMask = 2147483647;
			files = (
			);
			inputPaths = (
			);
			outputPaths = (
			);
			runOnlyForDeploymentPostprocessing = 0;
			shellPath = /bin/sh;
			shellScript = "# shell script goes here\n\npython \"${TITANIUM_SDK}/titanium.py\" run --dir=\"${PROJECT_DIR}\"\nexit $?\n";
		};
/* End PBXShellScriptBuildPhase section */

/* Begin PBXSourcesBuildPhase section */
		D2AAC07B0554694100DB518D /* Sources */ = {
			isa = PBXSourcesBuildPhase;
			buildActionMask = 2147483647;
			files = (
				24DD6CFA1134B3F500162E58 /* DkNappDrawerModule.m in Sources */,
				B67C6EA8188837D2009C03BC /* CustomMMDrawerController.m in Sources */,
				24DE9E1211C5FE74003F90F6 /* DkNappDrawerModuleAssets.m in Sources */,
				B67E52E21780B75E001348B3 /* MMDrawerBarButtonItem.m in Sources */,
				B67E52E41780B75E001348B3 /* MMDrawerController.m in Sources */,
				B67E52E61780B75E001348B3 /* MMDrawerVisualState.m in Sources */,
				B67E52E81780B75E001348B3 /* UIViewController+MMDrawerController.m in Sources */,
				B67E52EE1780B7D2001348B3 /* DkNappDrawerDrawerProxy.m in Sources */,
				B67E52F21780B7E8001348B3 /* DkNappDrawerDrawer.m in Sources */,
				B6579364178CA9BF00F89C92 /* NappDrawerVisualState.m in Sources */,
			);
			runOnlyForDeploymentPostprocessing = 0;
		};
/* End PBXSourcesBuildPhase section */

/* Begin PBXTargetDependency section */
		24416B8511C4CA280047AFDD /* PBXTargetDependency */ = {
			isa = PBXTargetDependency;
			target = D2AAC07D0554694100DB518D /* NappDrawer */;
			targetProxy = 24416B8411C4CA280047AFDD /* PBXContainerItemProxy */;
		};
/* End PBXTargetDependency section */

/* Begin XCBuildConfiguration section */
		1DEB921F08733DC00010E9CD /* Debug */ = {
			isa = XCBuildConfiguration;
			baseConfigurationReference = 24DD6D1B1134B66800162E58 /* titanium.xcconfig */;
			buildSettings = {
				ARCHS = (
					armv6,
					armv7,
				);
				"ARCHS[sdk=iphoneos*]" = (
					armv6,
					armv7,
				);
				"ARCHS[sdk=iphonesimulator*]" = i386;
				CODE_SIGN_IDENTITY = "iPhone Developer";
				"CODE_SIGN_IDENTITY[sdk=iphoneos*]" = "iPhone Developer";
				DSTROOT = /tmp/DkNappDrawer.dst;
				GCC_C_LANGUAGE_STANDARD = c99;
				GCC_OPTIMIZATION_LEVEL = 0;
				GCC_PRECOMPILE_PREFIX_HEADER = YES;
				GCC_PREFIX_HEADER = DkNappDrawer_Prefix.pch;
				GCC_PREPROCESSOR_DEFINITIONS = "TI_VERSION=$(TI_VERSION)";
				GCC_TREAT_WARNINGS_AS_ERRORS = NO;
				GCC_VERSION = "";
				GCC_WARN_ABOUT_RETURN_TYPE = NO;
				GCC_WARN_MISSING_PARENTHESES = NO;
				GCC_WARN_SHADOW = NO;
				GCC_WARN_STRICT_SELECTOR_MATCH = NO;
				GCC_WARN_UNUSED_FUNCTION = YES;
				GCC_WARN_UNUSED_PARAMETER = NO;
				GCC_WARN_UNUSED_VALUE = NO;
				GCC_WARN_UNUSED_VARIABLE = NO;
				INSTALL_PATH = /usr/local/lib;
				IPHONEOS_DEPLOYMENT_TARGET = 6.1;
				LIBRARY_SEARCH_PATHS = "";
				OTHER_CFLAGS = (
					"-DDEBUG",
					"-DTI_POST_1_2",
				);
				OTHER_LDFLAGS = "-ObjC";
				PRODUCT_NAME = DkNappDrawer;
				PROVISIONING_PROFILE = "";
				"PROVISIONING_PROFILE[sdk=iphoneos*]" = "";
				RUN_CLANG_STATIC_ANALYZER = NO;
				SDKROOT = iphoneos;
				USER_HEADER_SEARCH_PATHS = "";
			};
			name = Debug;
		};
		1DEB922008733DC00010E9CD /* Release */ = {
			isa = XCBuildConfiguration;
			baseConfigurationReference = 24DD6D1B1134B66800162E58 /* titanium.xcconfig */;
			buildSettings = {
				ALWAYS_SEARCH_USER_PATHS = NO;
				ARCHS = (
					armv6,
					armv7,
				);
				"ARCHS[sdk=iphoneos*]" = (
					armv6,
					armv7,
				);
				"ARCHS[sdk=iphonesimulator*]" = i386;
				DSTROOT = /tmp/DkNappDrawer.dst;
				GCC_C_LANGUAGE_STANDARD = c99;
				GCC_MODEL_TUNING = G5;
				GCC_PRECOMPILE_PREFIX_HEADER = YES;
				GCC_PREFIX_HEADER = DkNappDrawer_Prefix.pch;
				GCC_PREPROCESSOR_DEFINITIONS = "TI_VERSION=$(TI_VERSION)";
				GCC_TREAT_WARNINGS_AS_ERRORS = NO;
				GCC_VERSION = "";
				GCC_WARN_ABOUT_RETURN_TYPE = NO;
				GCC_WARN_MISSING_PARENTHESES = NO;
				GCC_WARN_SHADOW = NO;
				GCC_WARN_STRICT_SELECTOR_MATCH = NO;
				GCC_WARN_UNUSED_FUNCTION = YES;
				GCC_WARN_UNUSED_PARAMETER = NO;
				GCC_WARN_UNUSED_VALUE = NO;
				GCC_WARN_UNUSED_VARIABLE = NO;
				INSTALL_PATH = /usr/local/lib;
				IPHONEOS_DEPLOYMENT_TARGET = 5.0;
				LIBRARY_SEARCH_PATHS = "";
				OTHER_CFLAGS = "-DTI_POST_1_2";
				OTHER_LDFLAGS = "-ObjC";
				PRODUCT_NAME = DkNappDrawer;
				RUN_CLANG_STATIC_ANALYZER = NO;
				SDKROOT = iphoneos;
				USER_HEADER_SEARCH_PATHS = "";
			};
			name = Release;
		};
		1DEB922308733DC00010E9CD /* Debug */ = {
			isa = XCBuildConfiguration;
			baseConfigurationReference = 24DD6D1B1134B66800162E58 /* titanium.xcconfig */;
			buildSettings = {
				ARCHS = (
					armv6,
					armv7,
				);
				"ARCHS[sdk=iphoneos*]" = (
					armv6,
					armv7,
				);
				"ARCHS[sdk=iphonesimulator*]" = i386;
				CODE_SIGN_IDENTITY = "iPhone Developer";
				"CODE_SIGN_IDENTITY[sdk=iphoneos*]" = "iPhone Developer";
				DSTROOT = /tmp/DkNappDrawer.dst;
				GCC_C_LANGUAGE_STANDARD = c99;
				GCC_OPTIMIZATION_LEVEL = 0;
				GCC_PRECOMPILE_PREFIX_HEADER = YES;
				GCC_PREFIX_HEADER = DkNappDrawer_Prefix.pch;
				GCC_PREPROCESSOR_DEFINITIONS = "TI_VERSION=$(TI_VERSION)";
				GCC_TREAT_WARNINGS_AS_ERRORS = NO;
				GCC_VERSION = "";
				GCC_WARN_ABOUT_RETURN_TYPE = NO;
				GCC_WARN_MISSING_PARENTHESES = NO;
				GCC_WARN_SHADOW = NO;
				GCC_WARN_STRICT_SELECTOR_MATCH = NO;
				GCC_WARN_UNUSED_FUNCTION = YES;
				GCC_WARN_UNUSED_PARAMETER = NO;
				GCC_WARN_UNUSED_VALUE = NO;
				GCC_WARN_UNUSED_VARIABLE = NO;
				INSTALL_PATH = /usr/local/lib;
				OTHER_CFLAGS = (
					"-DDEBUG",
					"-DTI_POST_1_2",
				);
				OTHER_LDFLAGS = "-ObjC";
				PRODUCT_NAME = DkNappDrawer;
				PROVISIONING_PROFILE = "";
				"PROVISIONING_PROFILE[sdk=iphoneos*]" = "";
				RUN_CLANG_STATIC_ANALYZER = NO;
				SDKROOT = iphoneos;
				USER_HEADER_SEARCH_PATHS = "";
			};
			name = Debug;
		};
		1DEB922408733DC00010E9CD /* Release */ = {
			isa = XCBuildConfiguration;
			baseConfigurationReference = 24DD6D1B1134B66800162E58 /* titanium.xcconfig */;
			buildSettings = {
				ALWAYS_SEARCH_USER_PATHS = NO;
				ARCHS = (
					armv6,
					armv7,
				);
				"ARCHS[sdk=iphoneos*]" = (
					armv6,
					armv7,
				);
				"ARCHS[sdk=iphonesimulator*]" = i386;
				DSTROOT = /tmp/DkNappDrawer.dst;
				GCC_C_LANGUAGE_STANDARD = c99;
				GCC_MODEL_TUNING = G5;
				GCC_PRECOMPILE_PREFIX_HEADER = YES;
				GCC_PREFIX_HEADER = DkNappDrawer_Prefix.pch;
				GCC_PREPROCESSOR_DEFINITIONS = "TI_VERSION=$(TI_VERSION)";
				GCC_TREAT_WARNINGS_AS_ERRORS = NO;
				GCC_VERSION = "";
				GCC_WARN_ABOUT_RETURN_TYPE = NO;
				GCC_WARN_MISSING_PARENTHESES = NO;
				GCC_WARN_SHADOW = NO;
				GCC_WARN_STRICT_SELECTOR_MATCH = NO;
				GCC_WARN_UNUSED_FUNCTION = YES;
				GCC_WARN_UNUSED_PARAMETER = NO;
				GCC_WARN_UNUSED_VALUE = NO;
				GCC_WARN_UNUSED_VARIABLE = NO;
				INSTALL_PATH = /usr/local/lib;
				IPHONEOS_DEPLOYMENT_TARGET = 4.0;
				OTHER_CFLAGS = "-DTI_POST_1_2";
				OTHER_LDFLAGS = "-ObjC";
				PRODUCT_NAME = DkNappDrawer;
				RUN_CLANG_STATIC_ANALYZER = NO;
				SDKROOT = iphoneos;
				USER_HEADER_SEARCH_PATHS = "";
			};
			name = Release;
		};
		24416B8211C4CA220047AFDD /* Debug */ = {
			isa = XCBuildConfiguration;
			baseConfigurationReference = 24DD6D1B1134B66800162E58 /* titanium.xcconfig */;
			buildSettings = {
				COPY_PHASE_STRIP = NO;
				GCC_DYNAMIC_NO_PIC = NO;
				GCC_OPTIMIZATION_LEVEL = 0;
				PRODUCT_NAME = "Build & test";
			};
			name = Debug;
		};
		24416B8311C4CA220047AFDD /* Release */ = {
			isa = XCBuildConfiguration;
			baseConfigurationReference = 24DD6D1B1134B66800162E58 /* titanium.xcconfig */;
			buildSettings = {
				COPY_PHASE_STRIP = YES;
				DEBUG_INFORMATION_FORMAT = "dwarf-with-dsym";
				GCC_ENABLE_FIX_AND_CONTINUE = NO;
				PRODUCT_NAME = "Build & test";
				ZERO_LINK = NO;
			};
			name = Release;
		};
/* End XCBuildConfiguration section */

/* Begin XCConfigurationList section */
		1DEB921E08733DC00010E9CD /* Build configuration list for PBXNativeTarget "NappDrawer" */ = {
			isa = XCConfigurationList;
			buildConfigurations = (
				1DEB921F08733DC00010E9CD /* Debug */,
				1DEB922008733DC00010E9CD /* Release */,
			);
			defaultConfigurationIsVisible = 0;
			defaultConfigurationName = Release;
		};
		1DEB922208733DC00010E9CD /* Build configuration list for PBXProject "NappDrawer" */ = {
			isa = XCConfigurationList;
			buildConfigurations = (
				1DEB922308733DC00010E9CD /* Debug */,
				1DEB922408733DC00010E9CD /* Release */,
			);
			defaultConfigurationIsVisible = 0;
			defaultConfigurationName = Release;
		};
		24416B8A11C4CA520047AFDD /* Build configuration list for PBXAggregateTarget "Build & Test" */ = {
			isa = XCConfigurationList;
			buildConfigurations = (
				24416B8211C4CA220047AFDD /* Debug */,
				24416B8311C4CA220047AFDD /* Release */,
			);
			defaultConfigurationIsVisible = 0;
			defaultConfigurationName = Release;
		};
/* End XCConfigurationList section */
	};
	rootObject = 0867D690FE84028FC02AAC07 /* Project object */;
}
